Microsoft Visual Studio Solution File, Format Version 7.00
Project("{8BC9CEB8-8B4A-11D0-8D11-00A0C91BC942}") = "lesson21", "lesson21.vcproj", "{9697DA78-CF02-4AB1-B7AC-816B92D61117}"
EndProject
Global
	GlobalSection(SolutionConfiguration) = preSolution
		ConfigName.0 = Debug
		ConfigName.1 = Release
	EndGlobalSection
	GlobalSection(ProjectDependencies) = postSolution
	EndGlobalSection
	GlobalSection(ProjectConfiguration) = postSolution
		{9697DA78-CF02-4AB1-B7AC-816B92D61117}.Debug.ActiveCfg = Debug|Win32
		{9697DA78-CF02-4AB1-B7AC-816B92D61117}.Debug.Build.0 = Debug|Win32
		{9697DA78-CF02-4AB1-B7AC-816B92D61117}.Release.ActiveCfg = Release|Win32
		{9697DA78-CF02-4AB1-B7AC-816B92D61117}.Release.Build.0 = Release|Win32
	EndGlobalSection
	GlobalSection(ExtensibilityGlobals) = postSolution
	EndGlobalSection
	GlobalSection(ExtensibilityAddIns) = postSolution
	EndGlobalSection
EndGlobal
