Microsoft Visual Studio Solution File, Format Version 7.00
Project("{8BC9CEB8-8B4A-11D0-8D11-00A0C91BC942}") = "Lesson41", "Lesson41.vcproj", "{EE45BD23-A9EF-48A8-91A9-21C6F341309E}"
EndProject
Global
	GlobalSection(SolutionConfiguration) = preSolution
		ConfigName.0 = Debug
		ConfigName.1 = Release
	EndGlobalSection
	GlobalSection(ProjectDependencies) = postSolution
	EndGlobalSection
	GlobalSection(ProjectConfiguration) = postSolution
		{EE45BD23-A9EF-48A8-91A9-21C6F341309E}.Debug.ActiveCfg = Debug|Win32
		{EE45BD23-A9EF-48A8-91A9-21C6F341309E}.Debug.Build.0 = Debug|Win32
		{EE45BD23-A9EF-48A8-91A9-21C6F341309E}.Release.ActiveCfg = Release|Win32
		{EE45BD23-A9EF-48A8-91A9-21C6F341309E}.Release.Build.0 = Release|Win32
	EndGlobalSection
	GlobalSection(ExtensibilityGlobals) = postSolution
	EndGlobalSection
	GlobalSection(ExtensibilityAddIns) = postSolution
	EndGlobalSection
EndGlobal
