Microsoft Visual Studio Solution File, Format Version 7.00
Project("{F184B08F-C81C-45F6-A57F-5ABD9991F28F}") = "CsGL OpenGL Tut2", "CsGL OpenGL Tut2.vbproj", "{1E2FF63E-D227-4020-A460-5C050BF9BFA5}"
EndProject
Global
	GlobalSection(SolutionConfiguration) = preSolution
		ConfigName.0 = Debug
		ConfigName.1 = Release
	EndGlobalSection
	GlobalSection(ProjectDependencies) = postSolution
	EndGlobalSection
	GlobalSection(ProjectConfiguration) = postSolution
		{1E2FF63E-D227-4020-A460-5C050BF9BFA5}.Debug.ActiveCfg = Debug|.NET
		{1E2FF63E-D227-4020-A460-5C050BF9BFA5}.Debug.Build.0 = Debug|.NET
		{1E2FF63E-D227-4020-A460-5C050BF9BFA5}.Release.ActiveCfg = Release|.NET
		{1E2FF63E-D227-4020-A460-5C050BF9BFA5}.Release.Build.0 = Release|.NET
	EndGlobalSection
	GlobalSection(ExtensibilityGlobals) = postSolution
	EndGlobalSection
	GlobalSection(ExtensibilityAddIns) = postSolution
	EndGlobalSection
EndGlobal
