Microsoft Visual Studio Solution File, Format Version 7.00
Project("{8BC9CEB8-8B4A-11D0-8D11-00A0C91BC942}") = "Lesson28", "Lesson28.vcproj", "{CF76552D-35A0-4B06-A6D2-F3244ACA919D}"
EndProject
Global
	GlobalSection(SolutionConfiguration) = preSolution
		ConfigName.0 = Debug
		ConfigName.1 = Release
	EndGlobalSection
	GlobalSection(ProjectDependencies) = postSolution
	EndGlobalSection
	GlobalSection(ProjectConfiguration) = postSolution
		{CF76552D-35A0-4B06-A6D2-F3244ACA919D}.Debug.ActiveCfg = Debug|Win32
		{CF76552D-35A0-4B06-A6D2-F3244ACA919D}.Debug.Build.0 = Debug|Win32
		{CF76552D-35A0-4B06-A6D2-F3244ACA919D}.Release.ActiveCfg = Release|Win32
		{CF76552D-35A0-4B06-A6D2-F3244ACA919D}.Release.Build.0 = Release|Win32
	EndGlobalSection
	GlobalSection(ExtensibilityGlobals) = postSolution
	EndGlobalSection
	GlobalSection(ExtensibilityAddIns) = postSolution
	EndGlobalSection
EndGlobal
