Microsoft Visual Studio Solution File, Format Version 7.00
Project("{FAE04EC0-301F-11D3-BF4B-00C04F79EFBC}") = "lesson17", "lesson17.csproj", "{EDCAF609-E2F0-4574-B92C-7E5F9013C391}"
	ProjectSection(ProjectDependencies) = postProject
	EndProjectSection
EndProject
Global
	GlobalSection(SolutionConfiguration) = preSolution
		Debug = Debug
		Release = Release
	EndGlobalSection
	GlobalSection(ProjectConfiguration) = postSolution
		{EDCAF609-E2F0-4574-B92C-7E5F9013C391}.Debug.ActiveCfg = Debug|.NET
		{EDCAF609-E2F0-4574-B92C-7E5F9013C391}.Debug.Build.0 = Debug|.NET
		{EDCAF609-E2F0-4574-B92C-7E5F9013C391}.Release.ActiveCfg = Release|.NET
		{EDCAF609-E2F0-4574-B92C-7E5F9013C391}.Release.Build.0 = Release|.NET
	EndGlobalSection
	GlobalSection(ExtensibilityGlobals) = postSolution
	EndGlobalSection
	GlobalSection(ExtensibilityAddIns) = postSolution
	EndGlobalSection
EndGlobal
