Microsoft Visual Studio Solution File, Format Version 7.00
Project("{8BC9CEB8-8B4A-11D0-8D11-00A0C91BC942}") = "lesson20", "lesson20.vcproj", "{D7BD4040-B494-4AD9-9997-0D33A1BAE7B5}"
EndProject
Global
	GlobalSection(SolutionConfiguration) = preSolution
		ConfigName.0 = Debug
		ConfigName.1 = Release
	EndGlobalSection
	GlobalSection(ProjectDependencies) = postSolution
	EndGlobalSection
	GlobalSection(ProjectConfiguration) = postSolution
		{D7BD4040-B494-4AD9-9997-0D33A1BAE7B5}.Debug.ActiveCfg = Debug|Win32
		{D7BD4040-B494-4AD9-9997-0D33A1BAE7B5}.Debug.Build.0 = Debug|Win32
		{D7BD4040-B494-4AD9-9997-0D33A1BAE7B5}.Release.ActiveCfg = Release|Win32
		{D7BD4040-B494-4AD9-9997-0D33A1BAE7B5}.Release.Build.0 = Release|Win32
	EndGlobalSection
	GlobalSection(ExtensibilityGlobals) = postSolution
	EndGlobalSection
	GlobalSection(ExtensibilityAddIns) = postSolution
	EndGlobalSection
EndGlobal
