Microsoft Visual Studio Solution File, Format Version 7.00
Project("{FAE04EC0-301F-11D3-BF4B-00C04F79EFBC}") = "lesson05", "lesson05.csproj", "{BFA6B6F0-4C56-4B1A-AEAF-556B906DC220}"
EndProject
Global
	GlobalSection(SolutionConfiguration) = preSolution
		ConfigName.0 = Debug
		ConfigName.1 = Release
	EndGlobalSection
	GlobalSection(ProjectDependencies) = postSolution
	EndGlobalSection
	GlobalSection(ProjectConfiguration) = postSolution
		{BFA6B6F0-4C56-4B1A-AEAF-556B906DC220}.Debug.ActiveCfg = Debug|.NET
		{BFA6B6F0-4C56-4B1A-AEAF-556B906DC220}.Debug.Build.0 = Debug|.NET
		{BFA6B6F0-4C56-4B1A-AEAF-556B906DC220}.Release.ActiveCfg = Release|.NET
		{BFA6B6F0-4C56-4B1A-AEAF-556B906DC220}.Release.Build.0 = Release|.NET
	EndGlobalSection
	GlobalSection(ExtensibilityGlobals) = postSolution
	EndGlobalSection
	GlobalSection(ExtensibilityAddIns) = postSolution
	EndGlobalSection
EndGlobal
