Microsoft Visual Studio Solution File, Format Version 7.00
Project("{8BC9CEB8-8B4A-11D0-8D11-00A0C91BC942}") = "lesson7", "lesson7.vcproj", "{55476F62-4439-4FAB-8125-DA7DB40DD42E}"
EndProject
Global
	GlobalSection(SolutionConfiguration) = preSolution
		ConfigName.0 = Debug
		ConfigName.1 = Release
	EndGlobalSection
	GlobalSection(ProjectDependencies) = postSolution
	EndGlobalSection
	GlobalSection(ProjectConfiguration) = postSolution
		{55476F62-4439-4FAB-8125-DA7DB40DD42E}.Debug.ActiveCfg = Debug|Win32
		{55476F62-4439-4FAB-8125-DA7DB40DD42E}.Debug.Build.0 = Debug|Win32
		{55476F62-4439-4FAB-8125-DA7DB40DD42E}.Release.ActiveCfg = Release|Win32
		{55476F62-4439-4FAB-8125-DA7DB40DD42E}.Release.Build.0 = Release|Win32
	EndGlobalSection
	GlobalSection(ExtensibilityGlobals) = postSolution
	EndGlobalSection
	GlobalSection(ExtensibilityAddIns) = postSolution
	EndGlobalSection
EndGlobal
