Microsoft Visual Studio Solution File, Format Version 7.00
Project("{8BC9CEB8-8B4A-11D0-8D11-00A0C91BC942}") = "lesson17", "lesson17.vcproj", "{ED32DFA2-00BF-4868-9339-CAD9FD854DCF}"
EndProject
Global
	GlobalSection(SolutionConfiguration) = preSolution
		ConfigName.0 = Debug
		ConfigName.1 = Release
	EndGlobalSection
	GlobalSection(ProjectDependencies) = postSolution
	EndGlobalSection
	GlobalSection(ProjectConfiguration) = postSolution
		{ED32DFA2-00BF-4868-9339-CAD9FD854DCF}.Debug.ActiveCfg = Debug|Win32
		{ED32DFA2-00BF-4868-9339-CAD9FD854DCF}.Debug.Build.0 = Debug|Win32
		{ED32DFA2-00BF-4868-9339-CAD9FD854DCF}.Release.ActiveCfg = Release|Win32
		{ED32DFA2-00BF-4868-9339-CAD9FD854DCF}.Release.Build.0 = Release|Win32
	EndGlobalSection
	GlobalSection(ExtensibilityGlobals) = postSolution
	EndGlobalSection
	GlobalSection(ExtensibilityAddIns) = postSolution
	EndGlobalSection
EndGlobal
