Microsoft Visual Studio Solution File, Format Version 7.00
Project("{8BC9CEB8-8B4A-11D0-8D11-00A0C91BC942}") = "Lesson23", "Lesson23.vcproj", "{93A21884-79C2-416D-8FD7-30D06DFCEF78}"
EndProject
Global
	GlobalSection(SolutionConfiguration) = preSolution
		ConfigName.0 = Debug
		ConfigName.1 = Release
	EndGlobalSection
	GlobalSection(ProjectDependencies) = postSolution
	EndGlobalSection
	GlobalSection(ProjectConfiguration) = postSolution
		{93A21884-79C2-416D-8FD7-30D06DFCEF78}.Debug.ActiveCfg = Debug|Win32
		{93A21884-79C2-416D-8FD7-30D06DFCEF78}.Debug.Build.0 = Debug|Win32
		{93A21884-79C2-416D-8FD7-30D06DFCEF78}.Release.ActiveCfg = Release|Win32
		{93A21884-79C2-416D-8FD7-30D06DFCEF78}.Release.Build.0 = Release|Win32
	EndGlobalSection
	GlobalSection(ExtensibilityGlobals) = postSolution
	EndGlobalSection
	GlobalSection(ExtensibilityAddIns) = postSolution
	EndGlobalSection
EndGlobal
