Microsoft Visual Studio Solution File, Format Version 7.00
Project("{8BC9CEB8-8B4A-11D0-8D11-00A0C91BC942}") = "Lesson43", "Lesson43.vcproj", "{64FB6988-FDDE-4335-ADEC-475A9A7F241F}"
EndProject
Global
	GlobalSection(SolutionConfiguration) = preSolution
		ConfigName.0 = Debug
		ConfigName.1 = Release
	EndGlobalSection
	GlobalSection(ProjectDependencies) = postSolution
	EndGlobalSection
	GlobalSection(ProjectConfiguration) = postSolution
		{64FB6988-FDDE-4335-ADEC-475A9A7F241F}.Debug.ActiveCfg = Debug|Win32
		{64FB6988-FDDE-4335-ADEC-475A9A7F241F}.Debug.Build.0 = Debug|Win32
		{64FB6988-FDDE-4335-ADEC-475A9A7F241F}.Release.ActiveCfg = Release|Win32
		{64FB6988-FDDE-4335-ADEC-475A9A7F241F}.Release.Build.0 = Release|Win32
	EndGlobalSection
	GlobalSection(ExtensibilityGlobals) = postSolution
	EndGlobalSection
	GlobalSection(ExtensibilityAddIns) = postSolution
	EndGlobalSection
EndGlobal
